<?xml version="1.0" encoding="utf-8"?>
<Project ToolsVersion="4.0" xmlns="http://schemas.microsoft.com/developer/msbuild/2003">
  <ItemGroup>
    <Filter Include="Source Files">
      <UniqueIdentifier>{4FC737F1-C7A5-4376-A066-2A32D752A2FF}</UniqueIdentifier>
      <Extensions>cpp;c;cc;cxx;c++;cppm;ixx;def;odl;idl;hpj;bat;asm;asmx</Extensions>
    </Filter>
    <Filter Include="Header Files">
      <UniqueIdentifier>{93995380-89BD-4b04-88EB-625FBE52EBFB}</UniqueIdentifier>
      <Extensions>h;hh;hpp;hxx;h++;hm;inl;inc;ipp;xsd</Extensions>
    </Filter>
    <Filter Include="Resource Files">
      <UniqueIdentifier>{67DA6AB6-F800-4c08-8B7A-83BB121AAD01}</UniqueIdentifier>
      <Extensions>rc;ico;cur;bmp;dlg;rc2;rct;bin;rgs;gif;jpg;jpeg;jpe;resx;tiff;tif;png;wav;mfcribbon-ms</Extensions>
    </Filter>
    <Filter Include="Mesh">
      <UniqueIdentifier>{824754dc-e2aa-4c12-bf2b-c6d9a94e81e5}</UniqueIdentifier>
    </Filter>
    <Filter Include="Shader">
      <UniqueIdentifier>{469b49fd-bfe8-464f-bf92-41ff478d3a5b}</UniqueIdentifier>
    </Filter>
  </ItemGroup>
  <ItemGroup>
    <ClCompile Include="WinMain.cpp">
      <Filter>Source Files</Filter>
    </ClCompile>
    <ClCompile Include="mWindow.cpp">
      <Filter>Source Files</Filter>
    </ClCompile>
    <ClCompile Include="mApp.cpp">
      <Filter>Source Files</Filter>
    </ClCompile>
    <ClCompile Include="mGraphic.cpp">
      <Filter>Source Files</Filter>
    </ClCompile>
    <ClCompile Include="OneCube.cpp">
      <Filter>Mesh</Filter>
    </ClCompile>
    <ClCompile Include="mTimer.cpp">
      <Filter>Source Files</Filter>
    </ClCompile>
    <ClCompile Include="mCamera.cpp">
      <Filter>Source Files</Filter>
    </ClCompile>
    <ClCompile Include="mInputState.cpp">
      <Filter>Source Files</Filter>
    </ClCompile>
  </ItemGroup>
  <ItemGroup>
    <ClInclude Include="mWindow.h">
      <Filter>Header Files</Filter>
    </ClInclude>
    <ClInclude Include="mApp.h">
      <Filter>Header Files</Filter>
    </ClInclude>
    <ClInclude Include="mGraphic.h">
      <Filter>Header Files</Filter>
    </ClInclude>
    <ClInclude Include="OneCube.h">
      <Filter>Mesh</Filter>
    </ClInclude>
    <ClInclude Include="mTimer.h">
      <Filter>Header Files</Filter>
    </ClInclude>
    <ClInclude Include="mCamera.h">
      <Filter>Header Files</Filter>
    </ClInclude>
    <ClInclude Include="mInputState.h">
      <Filter>Header Files</Filter>
    </ClInclude>
  </ItemGroup>
  <ItemGroup>
    <FxCompile Include="testVertexShader.hlsl">
      <Filter>Shader</Filter>
    </FxCompile>
    <FxCompile Include="testPixelShader.hlsl">
      <Filter>Shader</Filter>
    </FxCompile>
  </ItemGroup>
</Project>